
Microsoft Visual Studio Solution File, Format Version 12.00
# Visual Studio 14
VisualStudioVersion = 14.0.25420.1
MinimumVisualStudioVersion = 10.0.40219.1
Project("{FAE04EC0-301F-11D3-BF4B-00C04F79EFBC}") = "FizzBuzz", "FizzBuzz\FizzBuzz.csproj", "{CB85FD3A-452C-49DE-A7A3-9C7A48FAF62A}"
EndProject
Project("{FAE04EC0-301F-11D3-BF4B-00C04F79EFBC}") = "FizzBuzz.UnitTest", "FizzBuzz.UnitTest\FizzBuzz.UnitTest.csproj", "{4108545B-E377-448E-A824-8821D1B4ED18}"
EndProject
Global
	GlobalSection(SolutionConfigurationPlatforms) = preSolution
		Debug|Any CPU = Debug|Any CPU
		Release|Any CPU = Release|Any CPU
	EndGlobalSection
	GlobalSection(ProjectConfigurationPlatforms) = postSolution
		{CB85FD3A-452C-49DE-A7A3-9C7A48FAF62A}.Debug|Any CPU.ActiveCfg = Debug|Any CPU
		{CB85FD3A-452C-49DE-A7A3-9C7A48FAF62A}.Debug|Any CPU.Build.0 = Debug|Any CPU
		{CB85FD3A-452C-49DE-A7A3-9C7A48FAF62A}.Release|Any CPU.ActiveCfg = Release|Any CPU
		{CB85FD3A-452C-49DE-A7A3-9C7A48FAF62A}.Release|Any CPU.Build.0 = Release|Any CPU
		{4108545B-E377-448E-A824-8821D1B4ED18}.Debug|Any CPU.ActiveCfg = Debug|Any CPU
		{4108545B-E377-448E-A824-8821D1B4ED18}.Debug|Any CPU.Build.0 = Debug|Any CPU
		{4108545B-E377-448E-A824-8821D1B4ED18}.Release|Any CPU.ActiveCfg = Release|Any CPU
		{4108545B-E377-448E-A824-8821D1B4ED18}.Release|Any CPU.Build.0 = Release|Any CPU
	EndGlobalSection
	GlobalSection(SolutionProperties) = preSolution
		HideSolutionNode = FALSE
	EndGlobalSection
EndGlobal
